// !$*UTF8*$!
{
	archiveVersion = 1;
	classes = {
	};
	objectVersion = 56;
	objects = {

/* Begin PBXBuildFile section */
		FB9924FE2AC42EBB00C58224 /* PictureService.swift in Sources */ = {isa = PBXBuildFile; fileRef = FB9924FD2AC42EBB00C58224 /* PictureService.swift */; };
		FB9925002AC42F1700C58224 /* UsersService.swift in Sources */ = {isa = PBXBuildFile; fileRef = FB9924FF2AC42F1700C58224 /* UsersService.swift */; };
		FBA0CA732ABC894E006681C3 /* PostifyApp.swift in Sources */ = {isa = PBXBuildFile; fileRef = FBA0CA722ABC894E006681C3 /* PostifyApp.swift */; };
		FBA0CA752ABC894E006681C3 /* ContentView.swift in Sources */ = {isa = PBXBuildFile; fileRef = FBA0CA742ABC894E006681C3 /* ContentView.swift */; };
		FBA0CA772ABC894F006681C3 /* Assets.xcassets in Resources */ = {isa = PBXBuildFile; fileRef = FBA0CA762ABC894F006681C3 /* Assets.xcassets */; };
		FBA0CA7A2ABC894F006681C3 /* Preview Assets.xcassets in Resources */ = {isa = PBXBuildFile; fileRef = FBA0CA792ABC894F006681C3 /* Preview Assets.xcassets */; };
		FBE554012AC35D4F0000CA6C /* Networker.swift in Sources */ = {isa = PBXBuildFile; fileRef = FBE554002AC35D4F0000CA6C /* Networker.swift */; };
		FBE554032AC35D6C0000CA6C /* Endpoint.swift in Sources */ = {isa = PBXBuildFile; fileRef = FBE554022AC35D6C0000CA6C /* Endpoint.swift */; };
		FBE554092AC35F0C0000CA6C /* URLEndpoint.swift in Sources */ = {isa = PBXBuildFile; fileRef = FBE554082AC35F0C0000CA6C /* URLEndpoint.swift */; };
		FBE5540B2AC35F450000CA6C /* UserEndpoint.swift in Sources */ = {isa = PBXBuildFile; fileRef = FBE5540A2AC35F450000CA6C /* UserEndpoint.swift */; };
		FBE5540D2AC361870000CA6C /* PostEndpoint.swift in Sources */ = {isa = PBXBuildFile; fileRef = FBE5540C2AC361870000CA6C /* PostEndpoint.swift */; };
		FBE5540F2AC362570000CA6C /* CommentEndpoint.swift in Sources */ = {isa = PBXBuildFile; fileRef = FBE5540E2AC362570000CA6C /* CommentEndpoint.swift */; };
		FBE554112AC363130000CA6C /* TagEndpoint.swift in Sources */ = {isa = PBXBuildFile; fileRef = FBE554102AC363130000CA6C /* TagEndpoint.swift */; };
		FBE554142AC363A10000CA6C /* User.swift in Sources */ = {isa = PBXBuildFile; fileRef = FBE554132AC363A10000CA6C /* User.swift */; };
		FBE554162AC363A70000CA6C /* Post.swift in Sources */ = {isa = PBXBuildFile; fileRef = FBE554152AC363A60000CA6C /* Post.swift */; };
		FBE554182AC363AD0000CA6C /* Comment.swift in Sources */ = {isa = PBXBuildFile; fileRef = FBE554172AC363AD0000CA6C /* Comment.swift */; };
		FBE5541A2AC363B80000CA6C /* Tag.swift in Sources */ = {isa = PBXBuildFile; fileRef = FBE554192AC363B80000CA6C /* Tag.swift */; };
/* End PBXBuildFile section */

/* Begin PBXFileReference section */
		FB9924FD2AC42EBB00C58224 /* PictureService.swift */ = {isa = PBXFileReference; lastKnownFileType = sourcecode.swift; path = PictureService.swift; sourceTree = "<group>"; };
		FB9924FF2AC42F1700C58224 /* UsersService.swift */ = {isa = PBXFileReference; lastKnownFileType = sourcecode.swift; path = UsersService.swift; sourceTree = "<group>"; };
		FBA0CA6F2ABC894E006681C3 /* Postify.app */ = {isa = PBXFileReference; explicitFileType = wrapper.application; includeInIndex = 0; path = Postify.app; sourceTree = BUILT_PRODUCTS_DIR; };
		FBA0CA722ABC894E006681C3 /* PostifyApp.swift */ = {isa = PBXFileReference; lastKnownFileType = sourcecode.swift; path = PostifyApp.swift; sourceTree = "<group>"; };
		FBA0CA742ABC894E006681C3 /* ContentView.swift */ = {isa = PBXFileReference; lastKnownFileType = sourcecode.swift; path = ContentView.swift; sourceTree = "<group>"; };
		FBA0CA762ABC894F006681C3 /* Assets.xcassets */ = {isa = PBXFileReference; lastKnownFileType = folder.assetcatalog; path = Assets.xcassets; sourceTree = "<group>"; };
		FBA0CA792ABC894F006681C3 /* Preview Assets.xcassets */ = {isa = PBXFileReference; lastKnownFileType = folder.assetcatalog; path = "Preview Assets.xcassets"; sourceTree = "<group>"; };
		FBE554002AC35D4F0000CA6C /* Networker.swift */ = {isa = PBXFileReference; lastKnownFileType = sourcecode.swift; path = Networker.swift; sourceTree = "<group>"; };
		FBE554022AC35D6C0000CA6C /* Endpoint.swift */ = {isa = PBXFileReference; lastKnownFileType = sourcecode.swift; path = Endpoint.swift; sourceTree = "<group>"; };
		FBE554082AC35F0C0000CA6C /* URLEndpoint.swift */ = {isa = PBXFileReference; lastKnownFileType = sourcecode.swift; path = URLEndpoint.swift; sourceTree = "<group>"; };
		FBE5540A2AC35F450000CA6C /* UserEndpoint.swift */ = {isa = PBXFileReference; lastKnownFileType = sourcecode.swift; path = UserEndpoint.swift; sourceTree = "<group>"; };
		FBE5540C2AC361870000CA6C /* PostEndpoint.swift */ = {isa = PBXFileReference; lastKnownFileType = sourcecode.swift; path = PostEndpoint.swift; sourceTree = "<group>"; };
		FBE5540E2AC362570000CA6C /* CommentEndpoint.swift */ = {isa = PBXFileReference; lastKnownFileType = sourcecode.swift; path = CommentEndpoint.swift; sourceTree = "<group>"; };
		FBE554102AC363130000CA6C /* TagEndpoint.swift */ = {isa = PBXFileReference; lastKnownFileType = sourcecode.swift; path = TagEndpoint.swift; sourceTree = "<group>"; };
		FBE554132AC363A10000CA6C /* User.swift */ = {isa = PBXFileReference; lastKnownFileType = sourcecode.swift; path = User.swift; sourceTree = "<group>"; };
		FBE554152AC363A60000CA6C /* Post.swift */ = {isa = PBXFileReference; lastKnownFileType = sourcecode.swift; path = Post.swift; sourceTree = "<group>"; };
		FBE554172AC363AD0000CA6C /* Comment.swift */ = {isa = PBXFileReference; lastKnownFileType = sourcecode.swift; path = Comment.swift; sourceTree = "<group>"; };
		FBE554192AC363B80000CA6C /* Tag.swift */ = {isa = PBXFileReference; lastKnownFileType = sourcecode.swift; path = Tag.swift; sourceTree = "<group>"; };
/* End PBXFileReference section */

/* Begin PBXFrameworksBuildPhase section */
		FBA0CA6C2ABC894E006681C3 /* Frameworks */ = {
			isa = PBXFrameworksBuildPhase;
			buildActionMask = 2147483647;
			files = (
			);
			runOnlyForDeploymentPostprocessing = 0;
		};
/* End PBXFrameworksBuildPhase section */

/* Begin PBXGroup section */
		FB9924FC2AC42E7900C58224 /* Services */ = {
			isa = PBXGroup;
			children = (
				FB9924FD2AC42EBB00C58224 /* PictureService.swift */,
				FB9924FF2AC42F1700C58224 /* UsersService.swift */,
			);
			path = Services;
			sourceTree = "<group>";
		};
		FBA0CA662ABC894E006681C3 = {
			isa = PBXGroup;
			children = (
				FBA0CA712ABC894E006681C3 /* Postify */,
				FBA0CA702ABC894E006681C3 /* Products */,
			);
			sourceTree = "<group>";
		};
		FBA0CA702ABC894E006681C3 /* Products */ = {
			isa = PBXGroup;
			children = (
				FBA0CA6F2ABC894E006681C3 /* Postify.app */,
			);
			name = Products;
			sourceTree = "<group>";
		};
		FBA0CA712ABC894E006681C3 /* Postify */ = {
			isa = PBXGroup;
			children = (
				FBE554042AC35D770000CA6C /* App */,
				FBA0CA742ABC894E006681C3 /* ContentView.swift */,
				FBE553FE2AC35D370000CA6C /* Core */,
				FBE554062AC35EF50000CA6C /* Data */,
				FBE554052AC35D810000CA6C /* Supporting Files */,
			);
			path = Postify;
			sourceTree = "<group>";
		};
		FBA0CA782ABC894F006681C3 /* Preview Content */ = {
			isa = PBXGroup;
			children = (
				FBA0CA792ABC894F006681C3 /* Preview Assets.xcassets */,
			);
			path = "Preview Content";
			sourceTree = "<group>";
		};
		FBE553FE2AC35D370000CA6C /* Core */ = {
			isa = PBXGroup;
			children = (
				FBE553FF2AC35D3C0000CA6C /* Networking */,
			);
			path = Core;
			sourceTree = "<group>";
		};
		FBE553FF2AC35D3C0000CA6C /* Networking */ = {
			isa = PBXGroup;
			children = (
				FBE554002AC35D4F0000CA6C /* Networker.swift */,
				FBE554022AC35D6C0000CA6C /* Endpoint.swift */,
			);
			path = Networking;
			sourceTree = "<group>";
		};
		FBE554042AC35D770000CA6C /* App */ = {
			isa = PBXGroup;
			children = (
				FBA0CA722ABC894E006681C3 /* PostifyApp.swift */,
			);
			path = App;
			sourceTree = "<group>";
		};
		FBE554052AC35D810000CA6C /* Supporting Files */ = {
			isa = PBXGroup;
			children = (
				FBA0CA762ABC894F006681C3 /* Assets.xcassets */,
				FBA0CA782ABC894F006681C3 /* Preview Content */,
			);
			path = "Supporting Files";
			sourceTree = "<group>";
		};
		FBE554062AC35EF50000CA6C /* Data */ = {
			isa = PBXGroup;
			children = (
				FBE554072AC35EFA0000CA6C /* Endpoints */,
				FBE554122AC3638B0000CA6C /* Models */,
				FB9924FC2AC42E7900C58224 /* Services */,
			);
			path = Data;
			sourceTree = "<group>";
		};
		FBE554072AC35EFA0000CA6C /* Endpoints */ = {
			isa = PBXGroup;
			children = (
				FBE5540E2AC362570000CA6C /* CommentEndpoint.swift */,
				FBE5540C2AC361870000CA6C /* PostEndpoint.swift */,
				FBE554102AC363130000CA6C /* TagEndpoint.swift */,
				FBE5540A2AC35F450000CA6C /* UserEndpoint.swift */,
				FBE554082AC35F0C0000CA6C /* URLEndpoint.swift */,
			);
			path = Endpoints;
			sourceTree = "<group>";
		};
		FBE554122AC3638B0000CA6C /* Models */ = {
			isa = PBXGroup;
			children = (
				FBE554172AC363AD0000CA6C /* Comment.swift */,
				FBE554152AC363A60000CA6C /* Post.swift */,
				FBE554192AC363B80000CA6C /* Tag.swift */,
				FBE554132AC363A10000CA6C /* User.swift */,
			);
			path = Models;
			sourceTree = "<group>";
		};
/* End PBXGroup section */

/* Begin PBXNativeTarget section */
		FBA0CA6E2ABC894E006681C3 /* Postify */ = {
			isa = PBXNativeTarget;
			buildConfigurationList = FBA0CA7D2ABC894F006681C3 /* Build configuration list for PBXNativeTarget "Postify" */;
			buildPhases = (
				FBA0CA6B2ABC894E006681C3 /* Sources */,
				FBA0CA6C2ABC894E006681C3 /* Frameworks */,
				FBA0CA6D2ABC894E006681C3 /* Resources */,
			);
			buildRules = (
			);
			dependencies = (
			);
			name = Postify;
			productName = Postify;
			productReference = FBA0CA6F2ABC894E006681C3 /* Postify.app */;
			productType = "com.apple.product-type.application";
		};
/* End PBXNativeTarget section */

/* Begin PBXProject section */
		FBA0CA672ABC894E006681C3 /* Project object */ = {
			isa = PBXProject;
			attributes = {
				BuildIndependentTargetsInParallel = 1;
				LastSwiftUpdateCheck = 1430;
				LastUpgradeCheck = 1430;
				TargetAttributes = {
					FBA0CA6E2ABC894E006681C3 = {
						CreatedOnToolsVersion = 14.3.1;
					};
				};
			};
			buildConfigurationList = FBA0CA6A2ABC894E006681C3 /* Build configuration list for PBXProject "Postify" */;
			compatibilityVersion = "Xcode 14.0";
			developmentRegion = en;
			hasScannedForEncodings = 0;
			knownRegions = (
				en,
				Base,
			);
			mainGroup = FBA0CA662ABC894E006681C3;
			productRefGroup = FBA0CA702ABC894E006681C3 /* Products */;
			projectDirPath = "";
			projectRoot = "";
			targets = (
				FBA0CA6E2ABC894E006681C3 /* Postify */,
			);
		};
/* End PBXProject section */

/* Begin PBXResourcesBuildPhase section */
		FBA0CA6D2ABC894E006681C3 /* Resources */ = {
			isa = PBXResourcesBuildPhase;
			buildActionMask = 2147483647;
			files = (
				FBA0CA7A2ABC894F006681C3 /* Preview Assets.xcassets in Resources */,
				FBA0CA772ABC894F006681C3 /* Assets.xcassets in Resources */,
			);
			runOnlyForDeploymentPostprocessing = 0;
		};
/* End PBXResourcesBuildPhase section */

/* Begin PBXSourcesBuildPhase section */
		FBA0CA6B2ABC894E006681C3 /* Sources */ = {
			isa = PBXSourcesBuildPhase;
			buildActionMask = 2147483647;
			files = (
				FBE5540D2AC361870000CA6C /* PostEndpoint.swift in Sources */,
				FBE554162AC363A70000CA6C /* Post.swift in Sources */,
				FB9924FE2AC42EBB00C58224 /* PictureService.swift in Sources */,
				FB9925002AC42F1700C58224 /* UsersService.swift in Sources */,
				FBA0CA752ABC894E006681C3 /* ContentView.swift in Sources */,
				FBA0CA732ABC894E006681C3 /* PostifyApp.swift in Sources */,
				FBE554032AC35D6C0000CA6C /* Endpoint.swift in Sources */,
				FBE5540F2AC362570000CA6C /* CommentEndpoint.swift in Sources */,
				FBE5540B2AC35F450000CA6C /* UserEndpoint.swift in Sources */,
				FBE554182AC363AD0000CA6C /* Comment.swift in Sources */,
				FBE554112AC363130000CA6C /* TagEndpoint.swift in Sources */,
				FBE554012AC35D4F0000CA6C /* Networker.swift in Sources */,
				FBE554142AC363A10000CA6C /* User.swift in Sources */,
				FBE554092AC35F0C0000CA6C /* URLEndpoint.swift in Sources */,
				FBE5541A2AC363B80000CA6C /* Tag.swift in Sources */,
			);
			runOnlyForDeploymentPostprocessing = 0;
		};
/* End PBXSourcesBuildPhase section */

/* Begin XCBuildConfiguration section */
		FBA0CA7B2ABC894F006681C3 /* Debug */ = {
			isa = XCBuildConfiguration;
			buildSettings = {
				ALWAYS_SEARCH_USER_PATHS = NO;
				CLANG_ANALYZER_NONNULL = YES;
				CLANG_ANALYZER_NUMBER_OBJECT_CONVERSION = YES_AGGRESSIVE;
				CLANG_CXX_LANGUAGE_STANDARD = "gnu++20";
				CLANG_ENABLE_MODULES = YES;
				CLANG_ENABLE_OBJC_ARC = YES;
				CLANG_ENABLE_OBJC_WEAK = YES;
				CLANG_WARN_BLOCK_CAPTURE_AUTORELEASING = YES;
				CLANG_WARN_BOOL_CONVERSION = YES;
				CLANG_WARN_COMMA = YES;
				CLANG_WARN_CONSTANT_CONVERSION = YES;
				CLANG_WARN_DEPRECATED_OBJC_IMPLEMENTATIONS = YES;
				CLANG_WARN_DIRECT_OBJC_ISA_USAGE = YES_ERROR;
				CLANG_WARN_DOCUMENTATION_COMMENTS = YES;
				CLANG_WARN_EMPTY_BODY = YES;
				CLANG_WARN_ENUM_CONVERSION = YES;
				CLANG_WARN_INFINITE_RECURSION = YES;
				CLANG_WARN_INT_CONVERSION = YES;
				CLANG_WARN_NON_LITERAL_NULL_CONVERSION = YES;
				CLANG_WARN_OBJC_IMPLICIT_RETAIN_SELF = YES;
				CLANG_WARN_OBJC_LITERAL_CONVERSION = YES;
				CLANG_WARN_OBJC_ROOT_CLASS = YES_ERROR;
				CLANG_WARN_QUOTED_INCLUDE_IN_FRAMEWORK_HEADER = YES;
				CLANG_WARN_RANGE_LOOP_ANALYSIS = YES;
				CLANG_WARN_STRICT_PROTOTYPES = YES;
				CLANG_WARN_SUSPICIOUS_MOVE = YES;
				CLANG_WARN_UNGUARDED_AVAILABILITY = YES_AGGRESSIVE;
				CLANG_WARN_UNREACHABLE_CODE = YES;
				CLANG_WARN__DUPLICATE_METHOD_MATCH = YES;
				COPY_PHASE_STRIP = NO;
				DEBUG_INFORMATION_FORMAT = dwarf;
				ENABLE_STRICT_OBJC_MSGSEND = YES;
				ENABLE_TESTABILITY = YES;
				GCC_C_LANGUAGE_STANDARD = gnu11;
				GCC_DYNAMIC_NO_PIC = NO;
				GCC_NO_COMMON_BLOCKS = YES;
				GCC_OPTIMIZATION_LEVEL = 0;
				GCC_PREPROCESSOR_DEFINITIONS = (
					"DEBUG=1",
					"$(inherited)",
				);
				GCC_WARN_64_TO_32_BIT_CONVERSION = YES;
				GCC_WARN_ABOUT_RETURN_TYPE = YES_ERROR;
				GCC_WARN_UNDECLARED_SELECTOR = YES;
				GCC_WARN_UNINITIALIZED_AUTOS = YES_AGGRESSIVE;
				GCC_WARN_UNUSED_FUNCTION = YES;
				GCC_WARN_UNUSED_VARIABLE = YES;
				IPHONEOS_DEPLOYMENT_TARGET = 16.4;
				MTL_ENABLE_DEBUG_INFO = INCLUDE_SOURCE;
				MTL_FAST_MATH = YES;
				ONLY_ACTIVE_ARCH = YES;
				SDKROOT = iphoneos;
				SWIFT_ACTIVE_COMPILATION_CONDITIONS = DEBUG;
				SWIFT_OPTIMIZATION_LEVEL = "-Onone";
			};
			name = Debug;
		};
		FBA0CA7C2ABC894F006681C3 /* Release */ = {
			isa = XCBuildConfiguration;
			buildSettings = {
				ALWAYS_SEARCH_USER_PATHS = NO;
				CLANG_ANALYZER_NONNULL = YES;
				CLANG_ANALYZER_NUMBER_OBJECT_CONVERSION = YES_AGGRESSIVE;
				CLANG_CXX_LANGUAGE_STANDARD = "gnu++20";
				CLANG_ENABLE_MODULES = YES;
				CLANG_ENABLE_OBJC_ARC = YES;
				CLANG_ENABLE_OBJC_WEAK = YES;
				CLANG_WARN_BLOCK_CAPTURE_AUTORELEASING = YES;
				CLANG_WARN_BOOL_CONVERSION = YES;
				CLANG_WARN_COMMA = YES;
				CLANG_WARN_CONSTANT_CONVERSION = YES;
				CLANG_WARN_DEPRECATED_OBJC_IMPLEMENTATIONS = YES;
				CLANG_WARN_DIRECT_OBJC_ISA_USAGE = YES_ERROR;
				CLANG_WARN_DOCUMENTATION_COMMENTS = YES;
				CLANG_WARN_EMPTY_BODY = YES;
				CLANG_WARN_ENUM_CONVERSION = YES;
				CLANG_WARN_INFINITE_RECURSION = YES;
				CLANG_WARN_INT_CONVERSION = YES;
				CLANG_WARN_NON_LITERAL_NULL_CONVERSION = YES;
				CLANG_WARN_OBJC_IMPLICIT_RETAIN_SELF = YES;
				CLANG_WARN_OBJC_LITERAL_CONVERSION = YES;
				CLANG_WARN_OBJC_ROOT_CLASS = YES_ERROR;
				CLANG_WARN_QUOTED_INCLUDE_IN_FRAMEWORK_HEADER = YES;
				CLANG_WARN_RANGE_LOOP_ANALYSIS = YES;
				CLANG_WARN_STRICT_PROTOTYPES = YES;
				CLANG_WARN_SUSPICIOUS_MOVE = YES;
				CLANG_WARN_UNGUARDED_AVAILABILITY = YES_AGGRESSIVE;
				CLANG_WARN_UNREACHABLE_CODE = YES;
				CLANG_WARN__DUPLICATE_METHOD_MATCH = YES;
				COPY_PHASE_STRIP = NO;
				DEBUG_INFORMATION_FORMAT = "dwarf-with-dsym";
				ENABLE_NS_ASSERTIONS = NO;
				ENABLE_STRICT_OBJC_MSGSEND = YES;
				GCC_C_LANGUAGE_STANDARD = gnu11;
				GCC_NO_COMMON_BLOCKS = YES;
				GCC_WARN_64_TO_32_BIT_CONVERSION = YES;
				GCC_WARN_ABOUT_RETURN_TYPE = YES_ERROR;
				GCC_WARN_UNDECLARED_SELECTOR = YES;
				GCC_WARN_UNINITIALIZED_AUTOS = YES_AGGRESSIVE;
				GCC_WARN_UNUSED_FUNCTION = YES;
				GCC_WARN_UNUSED_VARIABLE = YES;
				IPHONEOS_DEPLOYMENT_TARGET = 16.4;
				MTL_ENABLE_DEBUG_INFO = NO;
				MTL_FAST_MATH = YES;
				SDKROOT = iphoneos;
				SWIFT_COMPILATION_MODE = wholemodule;
				SWIFT_OPTIMIZATION_LEVEL = "-O";
				VALIDATE_PRODUCT = YES;
			};
			name = Release;
		};
		FBA0CA7E2ABC894F006681C3 /* Debug */ = {
			isa = XCBuildConfiguration;
			buildSettings = {
				ASSETCATALOG_COMPILER_APPICON_NAME = AppIcon;
				ASSETCATALOG_COMPILER_GLOBAL_ACCENT_COLOR_NAME = AccentColor;
				CODE_SIGN_STYLE = Automatic;
				CURRENT_PROJECT_VERSION = 1;
				DEVELOPMENT_ASSET_PATHS = "\"Postify/Supporting Files/Preview Content\"";
				DEVELOPMENT_TEAM = Z824M97CF2;
				ENABLE_PREVIEWS = YES;
				GENERATE_INFOPLIST_FILE = YES;
				INFOPLIST_KEY_UIApplicationSceneManifest_Generation = YES;
				INFOPLIST_KEY_UIApplicationSupportsIndirectInputEvents = YES;
				INFOPLIST_KEY_UILaunchScreen_Generation = YES;
				INFOPLIST_KEY_UISupportedInterfaceOrientations_iPad = "UIInterfaceOrientationPortrait UIInterfaceOrientationPortraitUpsideDown UIInterfaceOrientationLandscapeLeft UIInterfaceOrientationLandscapeRight";
				INFOPLIST_KEY_UISupportedInterfaceOrientations_iPhone = "UIInterfaceOrientationPortrait UIInterfaceOrientationLandscapeLeft UIInterfaceOrientationLandscapeRight";
				LD_RUNPATH_SEARCH_PATHS = (
					"$(inherited)",
					"@executable_path/Frameworks",
				);
				MARKETING_VERSION = 1.0;
				PRODUCT_BUNDLE_IDENTIFIER = com.hafizhmo.Postify;
				PRODUCT_NAME = "$(TARGET_NAME)";
				SWIFT_EMIT_LOC_STRINGS = YES;
				SWIFT_VERSION = 5.0;
				TARGETED_DEVICE_FAMILY = "1,2";
			};
			name = Debug;
		};
		FBA0CA7F2ABC894F006681C3 /* Release */ = {
			isa = XCBuildConfiguration;
			buildSettings = {
				ASSETCATALOG_COMPILER_APPICON_NAME = AppIcon;
				ASSETCATALOG_COMPILER_GLOBAL_ACCENT_COLOR_NAME = AccentColor;
				CODE_SIGN_STYLE = Automatic;
				CURRENT_PROJECT_VERSION = 1;
				DEVELOPMENT_ASSET_PATHS = "\"Postify/Supporting Files/Preview Content\"";
				DEVELOPMENT_TEAM = Z824M97CF2;
				ENABLE_PREVIEWS = YES;
				GENERATE_INFOPLIST_FILE = YES;
				INFOPLIST_KEY_UIApplicationSceneManifest_Generation = YES;
				INFOPLIST_KEY_UIApplicationSupportsIndirectInputEvents = YES;
				INFOPLIST_KEY_UILaunchScreen_Generation = YES;
				INFOPLIST_KEY_UISupportedInterfaceOrientations_iPad = "UIInterfaceOrientationPortrait UIInterfaceOrientationPortraitUpsideDown UIInterfaceOrientationLandscapeLeft UIInterfaceOrientationLandscapeRight";
				INFOPLIST_KEY_UISupportedInterfaceOrientations_iPhone = "UIInterfaceOrientationPortrait UIInterfaceOrientationLandscapeLeft UIInterfaceOrientationLandscapeRight";
				LD_RUNPATH_SEARCH_PATHS = (
					"$(inherited)",
					"@executable_path/Frameworks",
				);
				MARKETING_VERSION = 1.0;
				PRODUCT_BUNDLE_IDENTIFIER = com.hafizhmo.Postify;
				PRODUCT_NAME = "$(TARGET_NAME)";
				SWIFT_EMIT_LOC_STRINGS = YES;
				SWIFT_VERSION = 5.0;
				TARGETED_DEVICE_FAMILY = "1,2";
			};
			name = Release;
		};
/* End XCBuildConfiguration section */

/* Begin XCConfigurationList section */
		FBA0CA6A2ABC894E006681C3 /* Build configuration list for PBXProject "Postify" */ = {
			isa = XCConfigurationList;
			buildConfigurations = (
				FBA0CA7B2ABC894F006681C3 /* Debug */,
				FBA0CA7C2ABC894F006681C3 /* Release */,
			);
			defaultConfigurationIsVisible = 0;
			defaultConfigurationName = Release;
		};
		FBA0CA7D2ABC894F006681C3 /* Build configuration list for PBXNativeTarget "Postify" */ = {
			isa = XCConfigurationList;
			buildConfigurations = (
				FBA0CA7E2ABC894F006681C3 /* Debug */,
				FBA0CA7F2ABC894F006681C3 /* Release */,
			);
			defaultConfigurationIsVisible = 0;
			defaultConfigurationName = Release;
		};
/* End XCConfigurationList section */
	};
	rootObject = FBA0CA672ABC894E006681C3 /* Project object */;
}
